
Microsoft Visual Studio Solution File, Format Version 12.00
# Visual Studio 14
VisualStudioVersion = 14.0.22710.0
MinimumVisualStudioVersion = 10.0.40219.1
Project("{2150E333-8FDC-42A3-9474-1A3956D46DE8}") = "src", "src", "{16B11054-F507-4C8C-8011-317EBAE299EE}"
EndProject
Project("{2150E333-8FDC-42A3-9474-1A3956D46DE8}") = "Solution Items", "Solution Items", "{A3807C81-B758-4301-B175-8B1A7F3A143E}"
	ProjectSection(SolutionItems) = preProject
		global.json = global.json
	EndProjectSection
EndProject
Project("{8BB2217D-0F2D-49D1-97BC-3654ED321F3B}") = "UnicornStore", "src\UnicornStore\UnicornStore.xproj", "{50DD4E05-0F94-4C1B-A3EC-EBEAD490167A}"
EndProject
Global
	GlobalSection(SolutionConfigurationPlatforms) = preSolution
		Debug|Any CPU = Debug|Any CPU
		Release|Any CPU = Release|Any CPU
	EndGlobalSection
	GlobalSection(ProjectConfigurationPlatforms) = postSolution
		{50DD4E05-0F94-4C1B-A3EC-EBEAD490167A}.Debug|Any CPU.ActiveCfg = Debug|Any CPU
		{50DD4E05-0F94-4C1B-A3EC-EBEAD490167A}.Debug|Any CPU.Build.0 = Debug|Any CPU
		{50DD4E05-0F94-4C1B-A3EC-EBEAD490167A}.Release|Any CPU.ActiveCfg = Release|Any CPU
		{50DD4E05-0F94-4C1B-A3EC-EBEAD490167A}.Release|Any CPU.Build.0 = Release|Any CPU
	EndGlobalSection
	GlobalSection(SolutionProperties) = preSolution
		HideSolutionNode = FALSE
	EndGlobalSection
	GlobalSection(NestedProjects) = preSolution
		{50DD4E05-0F94-4C1B-A3EC-EBEAD490167A} = {16B11054-F507-4C8C-8011-317EBAE299EE}
	EndGlobalSection
EndGlobal
